
Microsoft Visual Studio Solution File, Format Version 12.00
# Visual Studio Version 17
VisualStudioVersion = 17.14.36414.22 d17.14
MinimumVisualStudioVersion = 10.0.40219.1
Project("{FAE04EC0-301F-11D3-BF4B-00C04F79EFBC}") = "WindowsFormsJA", "WindowsFormsJA\WindowsFormsJA.csproj", "{3563D288-8C0A-41B1-9B1A-AC4BAFE5E32A}"
EndProject
Global
	GlobalSection(SolutionConfigurationPlatforms) = preSolution
		Debug|Any CPU = Debug|Any CPU
		Release|Any CPU = Release|Any CPU
	EndGlobalSection
	GlobalSection(ProjectConfigurationPlatforms) = postSolution
		{3563D288-8C0A-41B1-9B1A-AC4BAFE5E32A}.Debug|Any CPU.ActiveCfg = Debug|Any CPU
		{3563D288-8C0A-41B1-9B1A-AC4BAFE5E32A}.Debug|Any CPU.Build.0 = Debug|Any CPU
		{3563D288-8C0A-41B1-9B1A-AC4BAFE5E32A}.Release|Any CPU.ActiveCfg = Release|Any CPU
		{3563D288-8C0A-41B1-9B1A-AC4BAFE5E32A}.Release|Any CPU.Build.0 = Release|Any CPU
	EndGlobalSection
	GlobalSection(SolutionProperties) = preSolution
		HideSolutionNode = FALSE
	EndGlobalSection
	GlobalSection(ExtensibilityGlobals) = postSolution
		SolutionGuid = {FBDF5F0B-8C49-43E2-B73A-86919786EA62}
	EndGlobalSection
EndGlobal
